{
  "name": "uniswap_learning",
  "lockfileVersion": 3,
  "requires": true,
  "packages": {
    "": {
      "devDependencies": {
        "@openzeppelin/contracts": "^4.9.3"
      }
    },
    "node_modules/@openzeppelin/contracts": {
      "version": "4.9.3",
      "dev": true,
      "license": "MIT"
    }
  }
}
